
Microsoft Visual Studio Solution File, Format Version 12.00
Project("{FAE04EC0-301F-11D3-BF4B-00C04F79EFBC}") = "Lab4_FileEncryption", "Lab4_FileEncryption\Lab4_FileEncryption.csproj", "{3BC0353F-A94C-4F73-89D3-5E1ED3A998BE}"
	ProjectSection(ProjectDependencies) = postProject
		{2B80D953-B394-48A9-B787-7E8FCFFC28A0} = {2B80D953-B394-48A9-B787-7E8FCFFC28A0}
	EndProjectSection
EndProject
Project("{FAE04EC0-301F-11D3-BF4B-00C04F79EFBC}") = "ConsoleApp1", "ConsoleApp1\ConsoleApp1.csproj", "{61046135-4A5F-4DED-8699-8B11A0598ED0}"
	ProjectSection(ProjectDependencies) = postProject
		{2B80D953-B394-48A9-B787-7E8FCFFC28A0} = {2B80D953-B394-48A9-B787-7E8FCFFC28A0}
	EndProjectSection
EndProject
Global
	GlobalSection(SolutionConfigurationPlatforms) = preSolution
		Debug|Any CPU = Debug|Any CPU
		Release|Any CPU = Release|Any CPU
	EndGlobalSection
	GlobalSection(ProjectConfigurationPlatforms) = postSolution
		{3BC0353F-A94C-4F73-89D3-5E1ED3A998BE}.Debug|Any CPU.ActiveCfg = Debug|Any CPU
		{3BC0353F-A94C-4F73-89D3-5E1ED3A998BE}.Debug|Any CPU.Build.0 = Debug|Any CPU
		{3BC0353F-A94C-4F73-89D3-5E1ED3A998BE}.Release|Any CPU.ActiveCfg = Release|Any CPU
		{3BC0353F-A94C-4F73-89D3-5E1ED3A998BE}.Release|Any CPU.Build.0 = Release|Any CPU
		{61046135-4A5F-4DED-8699-8B11A0598ED0}.Debug|Any CPU.ActiveCfg = Debug|Any CPU
		{61046135-4A5F-4DED-8699-8B11A0598ED0}.Debug|Any CPU.Build.0 = Debug|Any CPU
		{61046135-4A5F-4DED-8699-8B11A0598ED0}.Release|Any CPU.ActiveCfg = Release|Any CPU
		{61046135-4A5F-4DED-8699-8B11A0598ED0}.Release|Any CPU.Build.0 = Release|Any CPU
	EndGlobalSection
EndGlobal
